
Microsoft Visual Studio Solution File, Format Version 12.00
# Visual Studio Version 16
VisualStudioVersion = 16.0.31727.386
MinimumVisualStudioVersion = 10.0.40219.1
Project("{FAE04EC0-301F-11D3-BF4B-00C04F79EFBC}") = "CourseManagament.Web", "CourseManagament.Web\CourseManagament.Web.csproj", "{8A1E9B1E-A0C4-4830-8FA6-A38BBCFFBC2F}"
EndProject
Global
	GlobalSection(SolutionConfigurationPlatforms) = preSolution
		Debug|Any CPU = Debug|Any CPU
		Release|Any CPU = Release|Any CPU
	EndGlobalSection
	GlobalSection(ProjectConfigurationPlatforms) = postSolution
		{8A1E9B1E-A0C4-4830-8FA6-A38BBCFFBC2F}.Debug|Any CPU.ActiveCfg = Debug|Any CPU
		{8A1E9B1E-A0C4-4830-8FA6-A38BBCFFBC2F}.Debug|Any CPU.Build.0 = Debug|Any CPU
		{8A1E9B1E-A0C4-4830-8FA6-A38BBCFFBC2F}.Release|Any CPU.ActiveCfg = Release|Any CPU
		{8A1E9B1E-A0C4-4830-8FA6-A38BBCFFBC2F}.Release|Any CPU.Build.0 = Release|Any CPU
	EndGlobalSection
	GlobalSection(SolutionProperties) = preSolution
		HideSolutionNode = FALSE
	EndGlobalSection
	GlobalSection(ExtensibilityGlobals) = postSolution
		SolutionGuid = {B69915C6-0258-4D72-97E3-E6DF86BE6018}
	EndGlobalSection
EndGlobal
